// !$*UTF8*$!
{
	archiveVersion = 1;
	classes = {
	};
	objectVersion = 55;
	objects = {

/* Begin PBXBuildFile section */
		65A26FBD289FF8AE0092AE44 /* AppDelegate.swift in Sources */ = {isa = PBXBuildFile; fileRef = 65A26FBC289FF8AE0092AE44 /* AppDelegate.swift */; };
		65A26FBF289FF8AE0092AE44 /* SceneDelegate.swift in Sources */ = {isa = PBXBuildFile; fileRef = 65A26FBE289FF8AE0092AE44 /* SceneDelegate.swift */; };
		65A26FC1289FF8AE0092AE44 /* ViewController.swift in Sources */ = {isa = PBXBuildFile; fileRef = 65A26FC0289FF8AE0092AE44 /* ViewController.swift */; };
		65A26FC4289FF8AE0092AE44 /* Main.storyboard in Resources */ = {isa = PBXBuildFile; fileRef = 65A26FC2289FF8AE0092AE44 /* Main.storyboard */; };
		65A26FC6289FF8B00092AE44 /* Assets.xcassets in Resources */ = {isa = PBXBuildFile; fileRef = 65A26FC5289FF8B00092AE44 /* Assets.xcassets */; };
		65A26FC9289FF8B00092AE44 /* LaunchScreen.storyboard in Resources */ = {isa = PBXBuildFile; fileRef = 65A26FC7289FF8B00092AE44 /* LaunchScreen.storyboard */; };
		65B6CC862927E02900E6CAA2 /* SentMemesCollectionViewCell.swift in Sources */ = {isa = PBXBuildFile; fileRef = 65B6CC852927E02900E6CAA2 /* SentMemesCollectionViewCell.swift */; };
		65B6CC882927E04000E6CAA2 /* SentMemesCollectionViewController.swift in Sources */ = {isa = PBXBuildFile; fileRef = 65B6CC872927E04000E6CAA2 /* SentMemesCollectionViewController.swift */; };
		65B6CC8A2927E1D700E6CAA2 /* MemeModel.swift in Sources */ = {isa = PBXBuildFile; fileRef = 65B6CC892927E1D700E6CAA2 /* MemeModel.swift */; };
		65B6CC8C2928031300E6CAA2 /* SentMemesTableViewController.swift in Sources */ = {isa = PBXBuildFile; fileRef = 65B6CC8B2928031300E6CAA2 /* SentMemesTableViewController.swift */; };
		65B6CC9029281F0600E6CAA2 /* SentMemesTableViewCell.swift in Sources */ = {isa = PBXBuildFile; fileRef = 65B6CC8F29281F0600E6CAA2 /* SentMemesTableViewCell.swift */; };
		65B6CC92292BD67D00E6CAA2 /* DetailViewController.swift in Sources */ = {isa = PBXBuildFile; fileRef = 65B6CC91292BD67D00E6CAA2 /* DetailViewController.swift */; };
/* End PBXBuildFile section */

/* Begin PBXFileReference section */
		65A26FB9289FF8AE0092AE44 /* Meme 1.0.app */ = {isa = PBXFileReference; explicitFileType = wrapper.application; includeInIndex = 0; path = "Meme 1.0.app"; sourceTree = BUILT_PRODUCTS_DIR; };
		65A26FBC289FF8AE0092AE44 /* AppDelegate.swift */ = {isa = PBXFileReference; lastKnownFileType = sourcecode.swift; path = AppDelegate.swift; sourceTree = "<group>"; };
		65A26FBE289FF8AE0092AE44 /* SceneDelegate.swift */ = {isa = PBXFileReference; lastKnownFileType = sourcecode.swift; path = SceneDelegate.swift; sourceTree = "<group>"; };
		65A26FC0289FF8AE0092AE44 /* ViewController.swift */ = {isa = PBXFileReference; lastKnownFileType = sourcecode.swift; path = ViewController.swift; sourceTree = "<group>"; };
		65A26FC3289FF8AE0092AE44 /* Base */ = {isa = PBXFileReference; lastKnownFileType = file.storyboard; name = Base; path = Base.lproj/Main.storyboard; sourceTree = "<group>"; };
		65A26FC5289FF8B00092AE44 /* Assets.xcassets */ = {isa = PBXFileReference; lastKnownFileType = folder.assetcatalog; path = Assets.xcassets; sourceTree = "<group>"; };
		65A26FC8289FF8B00092AE44 /* Base */ = {isa = PBXFileReference; lastKnownFileType = file.storyboard; name = Base; path = Base.lproj/LaunchScreen.storyboard; sourceTree = "<group>"; };
		65A26FCA289FF8B00092AE44 /* Info.plist */ = {isa = PBXFileReference; lastKnownFileType = text.plist.xml; path = Info.plist; sourceTree = "<group>"; };
		65B6CC852927E02900E6CAA2 /* SentMemesCollectionViewCell.swift */ = {isa = PBXFileReference; lastKnownFileType = sourcecode.swift; path = SentMemesCollectionViewCell.swift; sourceTree = "<group>"; };
		65B6CC872927E04000E6CAA2 /* SentMemesCollectionViewController.swift */ = {isa = PBXFileReference; lastKnownFileType = sourcecode.swift; path = SentMemesCollectionViewController.swift; sourceTree = "<group>"; };
		65B6CC892927E1D700E6CAA2 /* MemeModel.swift */ = {isa = PBXFileReference; lastKnownFileType = sourcecode.swift; path = MemeModel.swift; sourceTree = "<group>"; };
		65B6CC8B2928031300E6CAA2 /* SentMemesTableViewController.swift */ = {isa = PBXFileReference; lastKnownFileType = sourcecode.swift; path = SentMemesTableViewController.swift; sourceTree = "<group>"; };
		65B6CC8F29281F0600E6CAA2 /* SentMemesTableViewCell.swift */ = {isa = PBXFileReference; lastKnownFileType = sourcecode.swift; path = SentMemesTableViewCell.swift; sourceTree = "<group>"; };
		65B6CC91292BD67D00E6CAA2 /* DetailViewController.swift */ = {isa = PBXFileReference; lastKnownFileType = sourcecode.swift; path = DetailViewController.swift; sourceTree = "<group>"; };
/* End PBXFileReference section */

/* Begin PBXFrameworksBuildPhase section */
		65A26FB6289FF8AE0092AE44 /* Frameworks */ = {
			isa = PBXFrameworksBuildPhase;
			buildActionMask = 2147483647;
			files = (
			);
			runOnlyForDeploymentPostprocessing = 0;
		};
/* End PBXFrameworksBuildPhase section */

/* Begin PBXGroup section */
		65A26FB0289FF8AE0092AE44 = {
			isa = PBXGroup;
			children = (
				65A26FBB289FF8AE0092AE44 /* Meme 1.0 */,
				65A26FBA289FF8AE0092AE44 /* Products */,
			);
			sourceTree = "<group>";
		};
		65A26FBA289FF8AE0092AE44 /* Products */ = {
			isa = PBXGroup;
			children = (
				65A26FB9289FF8AE0092AE44 /* Meme 1.0.app */,
			);
			name = Products;
			sourceTree = "<group>";
		};
		65A26FBB289FF8AE0092AE44 /* Meme 1.0 */ = {
			isa = PBXGroup;
			children = (
				65A26FBC289FF8AE0092AE44 /* AppDelegate.swift */,
				65A26FBE289FF8AE0092AE44 /* SceneDelegate.swift */,
				65B6CC91292BD67D00E6CAA2 /* DetailViewController.swift */,
				65B6CC842927DFB100E6CAA2 /* TableView */,
				65B6CC832927DF9E00E6CAA2 /* CollectionView */,
				65A26FC2289FF8AE0092AE44 /* Main.storyboard */,
				65A26FC0289FF8AE0092AE44 /* ViewController.swift */,
				65B6CC892927E1D700E6CAA2 /* MemeModel.swift */,
				65A26FC5289FF8B00092AE44 /* Assets.xcassets */,
				65A26FC7289FF8B00092AE44 /* LaunchScreen.storyboard */,
				65A26FCA289FF8B00092AE44 /* Info.plist */,
			);
			path = "Meme 1.0";
			sourceTree = "<group>";
		};
		65B6CC832927DF9E00E6CAA2 /* CollectionView */ = {
			isa = PBXGroup;
			children = (
				65B6CC872927E04000E6CAA2 /* SentMemesCollectionViewController.swift */,
				65B6CC852927E02900E6CAA2 /* SentMemesCollectionViewCell.swift */,
			);
			path = CollectionView;
			sourceTree = "<group>";
		};
		65B6CC842927DFB100E6CAA2 /* TableView */ = {
			isa = PBXGroup;
			children = (
				65B6CC8B2928031300E6CAA2 /* SentMemesTableViewController.swift */,
				65B6CC8F29281F0600E6CAA2 /* SentMemesTableViewCell.swift */,
			);
			path = TableView;
			sourceTree = "<group>";
		};
/* End PBXGroup section */

/* Begin PBXNativeTarget section */
		65A26FB8289FF8AE0092AE44 /* Meme 1.0 */ = {
			isa = PBXNativeTarget;
			buildConfigurationList = 65A26FCD289FF8B00092AE44 /* Build configuration list for PBXNativeTarget "Meme 1.0" */;
			buildPhases = (
				65A26FB5289FF8AE0092AE44 /* Sources */,
				65A26FB6289FF8AE0092AE44 /* Frameworks */,
				65A26FB7289FF8AE0092AE44 /* Resources */,
			);
			buildRules = (
			);
			dependencies = (
			);
			name = "Meme 1.0";
			productName = "Meme 1.0";
			productReference = 65A26FB9289FF8AE0092AE44 /* Meme 1.0.app */;
			productType = "com.apple.product-type.application";
		};
/* End PBXNativeTarget section */

/* Begin PBXProject section */
		65A26FB1289FF8AE0092AE44 /* Project object */ = {
			isa = PBXProject;
			attributes = {
				BuildIndependentTargetsInParallel = 1;
				LastSwiftUpdateCheck = 1340;
				LastUpgradeCheck = 1340;
				TargetAttributes = {
					65A26FB8289FF8AE0092AE44 = {
						CreatedOnToolsVersion = 13.4.1;
					};
				};
			};
			buildConfigurationList = 65A26FB4289FF8AE0092AE44 /* Build configuration list for PBXProject "Meme 1.0 update" */;
			compatibilityVersion = "Xcode 13.0";
			developmentRegion = en;
			hasScannedForEncodings = 0;
			knownRegions = (
				en,
				Base,
			);
			mainGroup = 65A26FB0289FF8AE0092AE44;
			productRefGroup = 65A26FBA289FF8AE0092AE44 /* Products */;
			projectDirPath = "";
			projectRoot = "";
			targets = (
				65A26FB8289FF8AE0092AE44 /* Meme 1.0 */,
			);
		};
/* End PBXProject section */

/* Begin PBXResourcesBuildPhase section */
		65A26FB7289FF8AE0092AE44 /* Resources */ = {
			isa = PBXResourcesBuildPhase;
			buildActionMask = 2147483647;
			files = (
				65A26FC9289FF8B00092AE44 /* LaunchScreen.storyboard in Resources */,
				65A26FC6289FF8B00092AE44 /* Assets.xcassets in Resources */,
				65A26FC4289FF8AE0092AE44 /* Main.storyboard in Resources */,
			);
			runOnlyForDeploymentPostprocessing = 0;
		};
/* End PBXResourcesBuildPhase section */

/* Begin PBXSourcesBuildPhase section */
		65A26FB5289FF8AE0092AE44 /* Sources */ = {
			isa = PBXSourcesBuildPhase;
			buildActionMask = 2147483647;
			files = (
				65B6CC92292BD67D00E6CAA2 /* DetailViewController.swift in Sources */,
				65B6CC862927E02900E6CAA2 /* SentMemesCollectionViewCell.swift in Sources */,
				65B6CC8C2928031300E6CAA2 /* SentMemesTableViewController.swift in Sources */,
				65B6CC8A2927E1D700E6CAA2 /* MemeModel.swift in Sources */,
				65B6CC9029281F0600E6CAA2 /* SentMemesTableViewCell.swift in Sources */,
				65A26FC1289FF8AE0092AE44 /* ViewController.swift in Sources */,
				65B6CC882927E04000E6CAA2 /* SentMemesCollectionViewController.swift in Sources */,
				65A26FBD289FF8AE0092AE44 /* AppDelegate.swift in Sources */,
				65A26FBF289FF8AE0092AE44 /* SceneDelegate.swift in Sources */,
			);
			runOnlyForDeploymentPostprocessing = 0;
		};
/* End PBXSourcesBuildPhase section */

/* Begin PBXVariantGroup section */
		65A26FC2289FF8AE0092AE44 /* Main.storyboard */ = {
			isa = PBXVariantGroup;
			children = (
				65A26FC3289FF8AE0092AE44 /* Base */,
			);
			name = Main.storyboard;
			sourceTree = "<group>";
		};
		65A26FC7289FF8B00092AE44 /* LaunchScreen.storyboard */ = {
			isa = PBXVariantGroup;
			children = (
				65A26FC8289FF8B00092AE44 /* Base */,
			);
			name = LaunchScreen.storyboard;
			sourceTree = "<group>";
		};
/* End PBXVariantGroup section */

/* Begin XCBuildConfiguration section */
		65A26FCB289FF8B00092AE44 /* Debug */ = {
			isa = XCBuildConfiguration;
			buildSettings = {
				ALWAYS_SEARCH_USER_PATHS = NO;
				CLANG_ANALYZER_NONNULL = YES;
				CLANG_ANALYZER_NUMBER_OBJECT_CONVERSION = YES_AGGRESSIVE;
				CLANG_CXX_LANGUAGE_STANDARD = "gnu++17";
				CLANG_ENABLE_MODULES = YES;
				CLANG_ENABLE_OBJC_ARC = YES;
				CLANG_ENABLE_OBJC_WEAK = YES;
				CLANG_WARN_BLOCK_CAPTURE_AUTORELEASING = YES;
				CLANG_WARN_BOOL_CONVERSION = YES;
				CLANG_WARN_COMMA = YES;
				CLANG_WARN_CONSTANT_CONVERSION = YES;
				CLANG_WARN_DEPRECATED_OBJC_IMPLEMENTATIONS = YES;
				CLANG_WARN_DIRECT_OBJC_ISA_USAGE = YES_ERROR;
				CLANG_WARN_DOCUMENTATION_COMMENTS = YES;
				CLANG_WARN_EMPTY_BODY = YES;
				CLANG_WARN_ENUM_CONVERSION = YES;
				CLANG_WARN_INFINITE_RECURSION = YES;
				CLANG_WARN_INT_CONVERSION = YES;
				CLANG_WARN_NON_LITERAL_NULL_CONVERSION = YES;
				CLANG_WARN_OBJC_IMPLICIT_RETAIN_SELF = YES;
				CLANG_WARN_OBJC_LITERAL_CONVERSION = YES;
				CLANG_WARN_OBJC_ROOT_CLASS = YES_ERROR;
				CLANG_WARN_QUOTED_INCLUDE_IN_FRAMEWORK_HEADER = YES;
				CLANG_WARN_RANGE_LOOP_ANALYSIS = YES;
				CLANG_WARN_STRICT_PROTOTYPES = YES;
				CLANG_WARN_SUSPICIOUS_MOVE = YES;
				CLANG_WARN_UNGUARDED_AVAILABILITY = YES_AGGRESSIVE;
				CLANG_WARN_UNREACHABLE_CODE = YES;
				CLANG_WARN__DUPLICATE_METHOD_MATCH = YES;
				COPY_PHASE_STRIP = NO;
				DEBUG_INFORMATION_FORMAT = dwarf;
				ENABLE_STRICT_OBJC_MSGSEND = YES;
				ENABLE_TESTABILITY = YES;
				GCC_C_LANGUAGE_STANDARD = gnu11;
				GCC_DYNAMIC_NO_PIC = NO;
				GCC_NO_COMMON_BLOCKS = YES;
				GCC_OPTIMIZATION_LEVEL = 0;
				GCC_PREPROCESSOR_DEFINITIONS = (
					"DEBUG=1",
					"$(inherited)",
				);
				GCC_WARN_64_TO_32_BIT_CONVERSION = YES;
				GCC_WARN_ABOUT_RETURN_TYPE = YES_ERROR;
				GCC_WARN_UNDECLARED_SELECTOR = YES;
				GCC_WARN_UNINITIALIZED_AUTOS = YES_AGGRESSIVE;
				GCC_WARN_UNUSED_FUNCTION = YES;
				GCC_WARN_UNUSED_VARIABLE = YES;
				IPHONEOS_DEPLOYMENT_TARGET = 15.5;
				MTL_ENABLE_DEBUG_INFO = INCLUDE_SOURCE;
				MTL_FAST_MATH = YES;
				ONLY_ACTIVE_ARCH = YES;
				SDKROOT = iphoneos;
				SWIFT_ACTIVE_COMPILATION_CONDITIONS = DEBUG;
				SWIFT_OPTIMIZATION_LEVEL = "-Onone";
			};
			name = Debug;
		};
		65A26FCC289FF8B00092AE44 /* Release */ = {
			isa = XCBuildConfiguration;
			buildSettings = {
				ALWAYS_SEARCH_USER_PATHS = NO;
				CLANG_ANALYZER_NONNULL = YES;
				CLANG_ANALYZER_NUMBER_OBJECT_CONVERSION = YES_AGGRESSIVE;
				CLANG_CXX_LANGUAGE_STANDARD = "gnu++17";
				CLANG_ENABLE_MODULES = YES;
				CLANG_ENABLE_OBJC_ARC = YES;
				CLANG_ENABLE_OBJC_WEAK = YES;
				CLANG_WARN_BLOCK_CAPTURE_AUTORELEASING = YES;
				CLANG_WARN_BOOL_CONVERSION = YES;
				CLANG_WARN_COMMA = YES;
				CLANG_WARN_CONSTANT_CONVERSION = YES;
				CLANG_WARN_DEPRECATED_OBJC_IMPLEMENTATIONS = YES;
				CLANG_WARN_DIRECT_OBJC_ISA_USAGE = YES_ERROR;
				CLANG_WARN_DOCUMENTATION_COMMENTS = YES;
				CLANG_WARN_EMPTY_BODY = YES;
				CLANG_WARN_ENUM_CONVERSION = YES;
				CLANG_WARN_INFINITE_RECURSION = YES;
				CLANG_WARN_INT_CONVERSION = YES;
				CLANG_WARN_NON_LITERAL_NULL_CONVERSION = YES;
				CLANG_WARN_OBJC_IMPLICIT_RETAIN_SELF = YES;
				CLANG_WARN_OBJC_LITERAL_CONVERSION = YES;
				CLANG_WARN_OBJC_ROOT_CLASS = YES_ERROR;
				CLANG_WARN_QUOTED_INCLUDE_IN_FRAMEWORK_HEADER = YES;
				CLANG_WARN_RANGE_LOOP_ANALYSIS = YES;
				CLANG_WARN_STRICT_PROTOTYPES = YES;
				CLANG_WARN_SUSPICIOUS_MOVE = YES;
				CLANG_WARN_UNGUARDED_AVAILABILITY = YES_AGGRESSIVE;
				CLANG_WARN_UNREACHABLE_CODE = YES;
				CLANG_WARN__DUPLICATE_METHOD_MATCH = YES;
				COPY_PHASE_STRIP = NO;
				DEBUG_INFORMATION_FORMAT = "dwarf-with-dsym";
				ENABLE_NS_ASSERTIONS = NO;
				ENABLE_STRICT_OBJC_MSGSEND = YES;
				GCC_C_LANGUAGE_STANDARD = gnu11;
				GCC_NO_COMMON_BLOCKS = YES;
				GCC_WARN_64_TO_32_BIT_CONVERSION = YES;
				GCC_WARN_ABOUT_RETURN_TYPE = YES_ERROR;
				GCC_WARN_UNDECLARED_SELECTOR = YES;
				GCC_WARN_UNINITIALIZED_AUTOS = YES_AGGRESSIVE;
				GCC_WARN_UNUSED_FUNCTION = YES;
				GCC_WARN_UNUSED_VARIABLE = YES;
				IPHONEOS_DEPLOYMENT_TARGET = 15.5;
				MTL_ENABLE_DEBUG_INFO = NO;
				MTL_FAST_MATH = YES;
				SDKROOT = iphoneos;
				SWIFT_COMPILATION_MODE = wholemodule;
				SWIFT_OPTIMIZATION_LEVEL = "-O";
				VALIDATE_PRODUCT = YES;
			};
			name = Release;
		};
		65A26FCE289FF8B00092AE44 /* Debug */ = {
			isa = XCBuildConfiguration;
			buildSettings = {
				ASSETCATALOG_COMPILER_APPICON_NAME = AppIcon;
				ASSETCATALOG_COMPILER_GLOBAL_ACCENT_COLOR_NAME = AccentColor;
				CODE_SIGN_STYLE = Automatic;
				CURRENT_PROJECT_VERSION = 1;
				DEVELOPMENT_TEAM = 43P7D3LWML;
				GENERATE_INFOPLIST_FILE = YES;
				INFOPLIST_FILE = "Meme 1.0/Info.plist";
				INFOPLIST_KEY_NSCameraUsageDescription = "Please Allow Access";
				INFOPLIST_KEY_NSPhotoLibraryAddUsageDescription = "Please allow access to save";
				INFOPLIST_KEY_NSPhotoLibraryUsageDescription = "Please Allow Access";
				INFOPLIST_KEY_UIApplicationSupportsIndirectInputEvents = YES;
				INFOPLIST_KEY_UILaunchStoryboardName = LaunchScreen;
				INFOPLIST_KEY_UIMainStoryboardFile = Main;
				INFOPLIST_KEY_UISupportedInterfaceOrientations_iPad = "UIInterfaceOrientationPortrait UIInterfaceOrientationPortraitUpsideDown UIInterfaceOrientationLandscapeLeft UIInterfaceOrientationLandscapeRight";
				INFOPLIST_KEY_UISupportedInterfaceOrientations_iPhone = "UIInterfaceOrientationPortrait UIInterfaceOrientationLandscapeLeft UIInterfaceOrientationLandscapeRight";
				LD_RUNPATH_SEARCH_PATHS = (
					"$(inherited)",
					"@executable_path/Frameworks",
				);
				MARKETING_VERSION = 1.0;
				PRODUCT_BUNDLE_IDENTIFIER = "Udacity.Meme-1-0";
				PRODUCT_NAME = "$(TARGET_NAME)";
				SWIFT_EMIT_LOC_STRINGS = YES;
				SWIFT_VERSION = 5.0;
				TARGETED_DEVICE_FAMILY = "1,2";
			};
			name = Debug;
		};
		65A26FCF289FF8B00092AE44 /* Release */ = {
			isa = XCBuildConfiguration;
			buildSettings = {
				ASSETCATALOG_COMPILER_APPICON_NAME = AppIcon;
				ASSETCATALOG_COMPILER_GLOBAL_ACCENT_COLOR_NAME = AccentColor;
				CODE_SIGN_STYLE = Automatic;
				CURRENT_PROJECT_VERSION = 1;
				DEVELOPMENT_TEAM = 43P7D3LWML;
				GENERATE_INFOPLIST_FILE = YES;
				INFOPLIST_FILE = "Meme 1.0/Info.plist";
				INFOPLIST_KEY_NSCameraUsageDescription = "Please Allow Access";
				INFOPLIST_KEY_NSPhotoLibraryAddUsageDescription = "Please allow access to save";
				INFOPLIST_KEY_NSPhotoLibraryUsageDescription = "Please Allow Access";
				INFOPLIST_KEY_UIApplicationSupportsIndirectInputEvents = YES;
				INFOPLIST_KEY_UILaunchStoryboardName = LaunchScreen;
				INFOPLIST_KEY_UIMainStoryboardFile = Main;
				INFOPLIST_KEY_UISupportedInterfaceOrientations_iPad = "UIInterfaceOrientationPortrait UIInterfaceOrientationPortraitUpsideDown UIInterfaceOrientationLandscapeLeft UIInterfaceOrientationLandscapeRight";
				INFOPLIST_KEY_UISupportedInterfaceOrientations_iPhone = "UIInterfaceOrientationPortrait UIInterfaceOrientationLandscapeLeft UIInterfaceOrientationLandscapeRight";
				LD_RUNPATH_SEARCH_PATHS = (
					"$(inherited)",
					"@executable_path/Frameworks",
				);
				MARKETING_VERSION = 1.0;
				PRODUCT_BUNDLE_IDENTIFIER = "Udacity.Meme-1-0";
				PRODUCT_NAME = "$(TARGET_NAME)";
				SWIFT_EMIT_LOC_STRINGS = YES;
				SWIFT_VERSION = 5.0;
				TARGETED_DEVICE_FAMILY = "1,2";
			};
			name = Release;
		};
/* End XCBuildConfiguration section */

/* Begin XCConfigurationList section */
		65A26FB4289FF8AE0092AE44 /* Build configuration list for PBXProject "Meme 1.0 update" */ = {
			isa = XCConfigurationList;
			buildConfigurations = (
				65A26FCB289FF8B00092AE44 /* Debug */,
				65A26FCC289FF8B00092AE44 /* Release */,
			);
			defaultConfigurationIsVisible = 0;
			defaultConfigurationName = Release;
		};
		65A26FCD289FF8B00092AE44 /* Build configuration list for PBXNativeTarget "Meme 1.0" */ = {
			isa = XCConfigurationList;
			buildConfigurations = (
				65A26FCE289FF8B00092AE44 /* Debug */,
				65A26FCF289FF8B00092AE44 /* Release */,
			);
			defaultConfigurationIsVisible = 0;
			defaultConfigurationName = Release;
		};
/* End XCConfigurationList section */
	};
	rootObject = 65A26FB1289FF8AE0092AE44 /* Project object */;
}
